
Microsoft Visual Studio Solution File, Format Version 12.00
# Visual Studio Version 17
VisualStudioVersion = 17.0.31903.59
MinimumVisualStudioVersion = 10.0.40219.1
Project("{FAE04EC0-301F-11D3-BF4B-00C04F79EFBC}") = "CQRS.Api", "CQRS.Api\CQRS.Api.csproj", "{CEF14630-FB3E-4C1D-9193-41A0A4158D0E}"
EndProject
Project("{FAE04EC0-301F-11D3-BF4B-00C04F79EFBC}") = "CQRS.Application", "CQRS.Application\CQRS.Application.csproj", "{A98EC548-AA7E-49BA-93ED-0FCA933A8E0D}"
EndProject
Project("{FAE04EC0-301F-11D3-BF4B-00C04F79EFBC}") = "CQRS.Contracts", "CQRS.Contracts\CQRS.Contracts.csproj", "{45D8F931-21F3-4CDF-A03C-78E041B12C0E}"
EndProject
Project("{FAE04EC0-301F-11D3-BF4B-00C04F79EFBC}") = "CQRS.Domain", "CQRS.Domain\CQRS.Domain.csproj", "{0E3A0B24-E75C-4F2C-8594-40818A9164F5}"
EndProject
Project("{FAE04EC0-301F-11D3-BF4B-00C04F79EFBC}") = "CQRS.Infrastructure", "CQRS.Infrastructure\CQRS.Infrastructure.csproj", "{8EF2DC9F-974A-4409-863B-0D07E4A87366}"
EndProject
Global
	GlobalSection(SolutionConfigurationPlatforms) = preSolution
		Debug|Any CPU = Debug|Any CPU
		Release|Any CPU = Release|Any CPU
	EndGlobalSection
	GlobalSection(SolutionProperties) = preSolution
		HideSolutionNode = FALSE
	EndGlobalSection
	GlobalSection(ProjectConfigurationPlatforms) = postSolution
		{CEF14630-FB3E-4C1D-9193-41A0A4158D0E}.Debug|Any CPU.ActiveCfg = Debug|Any CPU
		{CEF14630-FB3E-4C1D-9193-41A0A4158D0E}.Debug|Any CPU.Build.0 = Debug|Any CPU
		{CEF14630-FB3E-4C1D-9193-41A0A4158D0E}.Release|Any CPU.ActiveCfg = Release|Any CPU
		{CEF14630-FB3E-4C1D-9193-41A0A4158D0E}.Release|Any CPU.Build.0 = Release|Any CPU
		{A98EC548-AA7E-49BA-93ED-0FCA933A8E0D}.Debug|Any CPU.ActiveCfg = Debug|Any CPU
		{A98EC548-AA7E-49BA-93ED-0FCA933A8E0D}.Debug|Any CPU.Build.0 = Debug|Any CPU
		{A98EC548-AA7E-49BA-93ED-0FCA933A8E0D}.Release|Any CPU.ActiveCfg = Release|Any CPU
		{A98EC548-AA7E-49BA-93ED-0FCA933A8E0D}.Release|Any CPU.Build.0 = Release|Any CPU
		{45D8F931-21F3-4CDF-A03C-78E041B12C0E}.Debug|Any CPU.ActiveCfg = Debug|Any CPU
		{45D8F931-21F3-4CDF-A03C-78E041B12C0E}.Debug|Any CPU.Build.0 = Debug|Any CPU
		{45D8F931-21F3-4CDF-A03C-78E041B12C0E}.Release|Any CPU.ActiveCfg = Release|Any CPU
		{45D8F931-21F3-4CDF-A03C-78E041B12C0E}.Release|Any CPU.Build.0 = Release|Any CPU
		{0E3A0B24-E75C-4F2C-8594-40818A9164F5}.Debug|Any CPU.ActiveCfg = Debug|Any CPU
		{0E3A0B24-E75C-4F2C-8594-40818A9164F5}.Debug|Any CPU.Build.0 = Debug|Any CPU
		{0E3A0B24-E75C-4F2C-8594-40818A9164F5}.Release|Any CPU.ActiveCfg = Release|Any CPU
		{0E3A0B24-E75C-4F2C-8594-40818A9164F5}.Release|Any CPU.Build.0 = Release|Any CPU
		{8EF2DC9F-974A-4409-863B-0D07E4A87366}.Debug|Any CPU.ActiveCfg = Debug|Any CPU
		{8EF2DC9F-974A-4409-863B-0D07E4A87366}.Debug|Any CPU.Build.0 = Debug|Any CPU
		{8EF2DC9F-974A-4409-863B-0D07E4A87366}.Release|Any CPU.ActiveCfg = Release|Any CPU
		{8EF2DC9F-974A-4409-863B-0D07E4A87366}.Release|Any CPU.Build.0 = Release|Any CPU
	EndGlobalSection
EndGlobal
